// !$*UTF8*$!
{
	archiveVersion = 1;
	classes = {
	};
	objectVersion = 56;
	objects = {

/* Begin PBXBuildFile section */
		2C06ED712B2CC1D500C44223 /* HotelAppApp.swift in Sources */ = {isa = PBXBuildFile; fileRef = 2C06ED702B2CC1D500C44223 /* HotelAppApp.swift */; };
		2C06ED732B2CC1D500C44223 /* HotelView.swift in Sources */ = {isa = PBXBuildFile; fileRef = 2C06ED722B2CC1D500C44223 /* HotelView.swift */; };
		2C06ED752B2CC1D600C44223 /* Assets.xcassets in Resources */ = {isa = PBXBuildFile; fileRef = 2C06ED742B2CC1D600C44223 /* Assets.xcassets */; };
		2C06ED782B2CC1D600C44223 /* Preview Assets.xcassets in Resources */ = {isa = PBXBuildFile; fileRef = 2C06ED772B2CC1D600C44223 /* Preview Assets.xcassets */; };
		2C0B21F52B3DE82A0002868F /* RatingView.swift in Sources */ = {isa = PBXBuildFile; fileRef = 2C0B21F42B3DE82A0002868F /* RatingView.swift */; };
		2C464D9A2B9E158E0005C537 /* ImageCache.swift in Sources */ = {isa = PBXBuildFile; fileRef = 2C464D992B9E158E0005C537 /* ImageCache.swift */; };
		2C464D9F2B9F62D40005C537 /* PrimaryButtonsViewModifier.swift in Sources */ = {isa = PBXBuildFile; fileRef = 2C464D9E2B9F62D40005C537 /* PrimaryButtonsViewModifier.swift */; };
		2C94F9122B2DF57C006C43CF /* View+Extension.swift in Sources */ = {isa = PBXBuildFile; fileRef = 2C94F9112B2DF57C006C43CF /* View+Extension.swift */; };
		2C94F9142B2E083B006C43CF /* TagsView.swift in Sources */ = {isa = PBXBuildFile; fileRef = 2C94F9132B2E083B006C43CF /* TagsView.swift */; };
		2C94F9182B2E09DB006C43CF /* DetailsSectionView.swift in Sources */ = {isa = PBXBuildFile; fileRef = 2C94F9172B2E09DB006C43CF /* DetailsSectionView.swift */; };
		2C94F91A2B2E0D88006C43CF /* HotelViewModel.swift in Sources */ = {isa = PBXBuildFile; fileRef = 2C94F9192B2E0D88006C43CF /* HotelViewModel.swift */; };
		2C94F91C2B2E0E79006C43CF /* HotelModel.swift in Sources */ = {isa = PBXBuildFile; fileRef = 2C94F91B2B2E0E79006C43CF /* HotelModel.swift */; };
		2C94F91E2B2EC027006C43CF /* NetworkService.swift in Sources */ = {isa = PBXBuildFile; fileRef = 2C94F91D2B2EC027006C43CF /* NetworkService.swift */; };
		2C94F92E2B333725006C43CF /* RoomsView.swift in Sources */ = {isa = PBXBuildFile; fileRef = 2C94F92D2B333725006C43CF /* RoomsView.swift */; };
		2C94F9322B35E026006C43CF /* RoomsModel.swift in Sources */ = {isa = PBXBuildFile; fileRef = 2C94F9312B35E026006C43CF /* RoomsModel.swift */; };
		2C94F9342B35E054006C43CF /* RoomsViewModel.swift in Sources */ = {isa = PBXBuildFile; fileRef = 2C94F9332B35E054006C43CF /* RoomsViewModel.swift */; };
		2C94F9392B35FA88006C43CF /* RoomView.swift in Sources */ = {isa = PBXBuildFile; fileRef = 2C94F9382B35FA88006C43CF /* RoomView.swift */; };
		2C94F93F2B36BD66006C43CF /* BookingModel.swift in Sources */ = {isa = PBXBuildFile; fileRef = 2C94F93E2B36BD66006C43CF /* BookingModel.swift */; };
		2C94F9412B36BF79006C43CF /* BookingViewModel.swift in Sources */ = {isa = PBXBuildFile; fileRef = 2C94F9402B36BF79006C43CF /* BookingViewModel.swift */; };
		2C94F9432B36C146006C43CF /* BookingView.swift in Sources */ = {isa = PBXBuildFile; fileRef = 2C94F9422B36C146006C43CF /* BookingView.swift */; };
		2C94F94A2B36CB0C006C43CF /* DetailsView.swift in Sources */ = {isa = PBXBuildFile; fileRef = 2C94F9492B36CB0C006C43CF /* DetailsView.swift */; };
		2C9634672B2CCC350054A216 /* CustomPageView.swift in Sources */ = {isa = PBXBuildFile; fileRef = 2C9634662B2CCC350054A216 /* CustomPageView.swift */; };
		2C96346B2B2CD4FF0054A216 /* Constants.swift in Sources */ = {isa = PBXBuildFile; fileRef = 2C96346A2B2CD4FF0054A216 /* Constants.swift */; };
		2C96346F2B2CD59D0054A216 /* Color+Extension.swift in Sources */ = {isa = PBXBuildFile; fileRef = 2C96346E2B2CD59D0054A216 /* Color+Extension.swift */; };
		2C9C960C2B386275006F93E1 /* NextTouristView.swift in Sources */ = {isa = PBXBuildFile; fileRef = 2C9C960B2B386275006F93E1 /* NextTouristView.swift */; };
		2C9C96102B3888DF006F93E1 /* PriceView.swift in Sources */ = {isa = PBXBuildFile; fileRef = 2C9C960F2B3888DF006F93E1 /* PriceView.swift */; };
		2C9C96172B38A3AB006F93E1 /* PaymentView.swift in Sources */ = {isa = PBXBuildFile; fileRef = 2C9C96162B38A3AB006F93E1 /* PaymentView.swift */; };
		2CD50CCB2B380DF5004DF59F /* TouristView.swift in Sources */ = {isa = PBXBuildFile; fileRef = 2CD50CCA2B380DF5004DF59F /* TouristView.swift */; };
		2CF6F3732B4AFCDC00482DF3 /* NavigationController + Extension.swift in Sources */ = {isa = PBXBuildFile; fileRef = 2CF6F3722B4AFCDC00482DF3 /* NavigationController + Extension.swift */; };
/* End PBXBuildFile section */

/* Begin PBXFileReference section */
		2C06ED6D2B2CC1D500C44223 /* HotelApp.app */ = {isa = PBXFileReference; explicitFileType = wrapper.application; includeInIndex = 0; path = HotelApp.app; sourceTree = BUILT_PRODUCTS_DIR; };
		2C06ED702B2CC1D500C44223 /* HotelAppApp.swift */ = {isa = PBXFileReference; lastKnownFileType = sourcecode.swift; path = HotelAppApp.swift; sourceTree = "<group>"; };
		2C06ED722B2CC1D500C44223 /* HotelView.swift */ = {isa = PBXFileReference; lastKnownFileType = sourcecode.swift; path = HotelView.swift; sourceTree = "<group>"; };
		2C06ED742B2CC1D600C44223 /* Assets.xcassets */ = {isa = PBXFileReference; lastKnownFileType = folder.assetcatalog; path = Assets.xcassets; sourceTree = "<group>"; };
		2C06ED772B2CC1D600C44223 /* Preview Assets.xcassets */ = {isa = PBXFileReference; lastKnownFileType = folder.assetcatalog; path = "Preview Assets.xcassets"; sourceTree = "<group>"; };
		2C0B21F42B3DE82A0002868F /* RatingView.swift */ = {isa = PBXFileReference; lastKnownFileType = sourcecode.swift; path = RatingView.swift; sourceTree = "<group>"; };
		2C464D992B9E158E0005C537 /* ImageCache.swift */ = {isa = PBXFileReference; lastKnownFileType = sourcecode.swift; path = ImageCache.swift; sourceTree = "<group>"; };
		2C464D9E2B9F62D40005C537 /* PrimaryButtonsViewModifier.swift */ = {isa = PBXFileReference; lastKnownFileType = sourcecode.swift; path = PrimaryButtonsViewModifier.swift; sourceTree = "<group>"; };
		2C94F9112B2DF57C006C43CF /* View+Extension.swift */ = {isa = PBXFileReference; lastKnownFileType = sourcecode.swift; path = "View+Extension.swift"; sourceTree = "<group>"; };
		2C94F9132B2E083B006C43CF /* TagsView.swift */ = {isa = PBXFileReference; lastKnownFileType = sourcecode.swift; path = TagsView.swift; sourceTree = "<group>"; };
		2C94F9172B2E09DB006C43CF /* DetailsSectionView.swift */ = {isa = PBXFileReference; lastKnownFileType = sourcecode.swift; path = DetailsSectionView.swift; sourceTree = "<group>"; };
		2C94F9192B2E0D88006C43CF /* HotelViewModel.swift */ = {isa = PBXFileReference; lastKnownFileType = sourcecode.swift; path = HotelViewModel.swift; sourceTree = "<group>"; };
		2C94F91B2B2E0E79006C43CF /* HotelModel.swift */ = {isa = PBXFileReference; lastKnownFileType = sourcecode.swift; path = HotelModel.swift; sourceTree = "<group>"; };
		2C94F91D2B2EC027006C43CF /* NetworkService.swift */ = {isa = PBXFileReference; lastKnownFileType = sourcecode.swift; path = NetworkService.swift; sourceTree = "<group>"; };
		2C94F92D2B333725006C43CF /* RoomsView.swift */ = {isa = PBXFileReference; lastKnownFileType = sourcecode.swift; path = RoomsView.swift; sourceTree = "<group>"; };
		2C94F9312B35E026006C43CF /* RoomsModel.swift */ = {isa = PBXFileReference; lastKnownFileType = sourcecode.swift; path = RoomsModel.swift; sourceTree = "<group>"; };
		2C94F9332B35E054006C43CF /* RoomsViewModel.swift */ = {isa = PBXFileReference; lastKnownFileType = sourcecode.swift; path = RoomsViewModel.swift; sourceTree = "<group>"; };
		2C94F9382B35FA88006C43CF /* RoomView.swift */ = {isa = PBXFileReference; lastKnownFileType = sourcecode.swift; path = RoomView.swift; sourceTree = "<group>"; };
		2C94F93E2B36BD66006C43CF /* BookingModel.swift */ = {isa = PBXFileReference; lastKnownFileType = sourcecode.swift; path = BookingModel.swift; sourceTree = "<group>"; };
		2C94F9402B36BF79006C43CF /* BookingViewModel.swift */ = {isa = PBXFileReference; lastKnownFileType = sourcecode.swift; path = BookingViewModel.swift; sourceTree = "<group>"; };
		2C94F9422B36C146006C43CF /* BookingView.swift */ = {isa = PBXFileReference; lastKnownFileType = sourcecode.swift; path = BookingView.swift; sourceTree = "<group>"; };
		2C94F9492B36CB0C006C43CF /* DetailsView.swift */ = {isa = PBXFileReference; lastKnownFileType = sourcecode.swift; path = DetailsView.swift; sourceTree = "<group>"; };
		2C9634662B2CCC350054A216 /* CustomPageView.swift */ = {isa = PBXFileReference; lastKnownFileType = sourcecode.swift; path = CustomPageView.swift; sourceTree = "<group>"; };
		2C96346A2B2CD4FF0054A216 /* Constants.swift */ = {isa = PBXFileReference; lastKnownFileType = sourcecode.swift; path = Constants.swift; sourceTree = "<group>"; };
		2C96346E2B2CD59D0054A216 /* Color+Extension.swift */ = {isa = PBXFileReference; lastKnownFileType = sourcecode.swift; path = "Color+Extension.swift"; sourceTree = "<group>"; };
		2C9C960B2B386275006F93E1 /* NextTouristView.swift */ = {isa = PBXFileReference; lastKnownFileType = sourcecode.swift; path = NextTouristView.swift; sourceTree = "<group>"; };
		2C9C960F2B3888DF006F93E1 /* PriceView.swift */ = {isa = PBXFileReference; lastKnownFileType = sourcecode.swift; path = PriceView.swift; sourceTree = "<group>"; };
		2C9C96162B38A3AB006F93E1 /* PaymentView.swift */ = {isa = PBXFileReference; lastKnownFileType = sourcecode.swift; path = PaymentView.swift; sourceTree = "<group>"; };
		2CD50CCA2B380DF5004DF59F /* TouristView.swift */ = {isa = PBXFileReference; lastKnownFileType = sourcecode.swift; path = TouristView.swift; sourceTree = "<group>"; };
		2CF6F3722B4AFCDC00482DF3 /* NavigationController + Extension.swift */ = {isa = PBXFileReference; lastKnownFileType = sourcecode.swift; path = "NavigationController + Extension.swift"; sourceTree = "<group>"; };
/* End PBXFileReference section */

/* Begin PBXFrameworksBuildPhase section */
		2C06ED6A2B2CC1D500C44223 /* Frameworks */ = {
			isa = PBXFrameworksBuildPhase;
			buildActionMask = 2147483647;
			files = (
			);
			runOnlyForDeploymentPostprocessing = 0;
		};
/* End PBXFrameworksBuildPhase section */

/* Begin PBXGroup section */
		2C06ED642B2CC1D500C44223 = {
			isa = PBXGroup;
			children = (
				2C06ED6F2B2CC1D500C44223 /* HotelApp */,
				2C06ED6E2B2CC1D500C44223 /* Products */,
			);
			sourceTree = "<group>";
		};
		2C06ED6E2B2CC1D500C44223 /* Products */ = {
			isa = PBXGroup;
			children = (
				2C06ED6D2B2CC1D500C44223 /* HotelApp.app */,
			);
			name = Products;
			sourceTree = "<group>";
		};
		2C06ED6F2B2CC1D500C44223 /* HotelApp */ = {
			isa = PBXGroup;
			children = (
				2C9634682B2CD4840054A216 /* App */,
				2C9634722B2D79260054A216 /* Core */,
				2C94F9282B33359C006C43CF /* Modules */,
				2C9634692B2CD4E40054A216 /* SupportingFiles */,
				2C9634632B2CC97C0054A216 /* Resources */,
				2C06ED762B2CC1D600C44223 /* Preview Content */,
			);
			path = HotelApp;
			sourceTree = "<group>";
		};
		2C06ED762B2CC1D600C44223 /* Preview Content */ = {
			isa = PBXGroup;
			children = (
				2C06ED772B2CC1D600C44223 /* Preview Assets.xcassets */,
			);
			path = "Preview Content";
			sourceTree = "<group>";
		};
		2C464D9D2B9F626F0005C537 /* ViewModifier */ = {
			isa = PBXGroup;
			children = (
				2C464D9E2B9F62D40005C537 /* PrimaryButtonsViewModifier.swift */,
			);
			path = ViewModifier;
			sourceTree = "<group>";
		};
		2C94F9212B31FD1D006C43CF /* NetworkService */ = {
			isa = PBXGroup;
			children = (
				2C94F91D2B2EC027006C43CF /* NetworkService.swift */,
				2C464D992B9E158E0005C537 /* ImageCache.swift */,
			);
			path = NetworkService;
			sourceTree = "<group>";
		};
		2C94F9222B31FDC6006C43CF /* View */ = {
			isa = PBXGroup;
			children = (
				2C9634652B2CCB640054A216 /* Views */,
				2C06ED722B2CC1D500C44223 /* HotelView.swift */,
			);
			path = View;
			sourceTree = "<group>";
		};
		2C94F9232B31FDD0006C43CF /* Model */ = {
			isa = PBXGroup;
			children = (
				2C94F91B2B2E0E79006C43CF /* HotelModel.swift */,
			);
			path = Model;
			sourceTree = "<group>";
		};
		2C94F9242B31FDDA006C43CF /* ViewModel */ = {
			isa = PBXGroup;
			children = (
				2C94F9192B2E0D88006C43CF /* HotelViewModel.swift */,
			);
			path = ViewModel;
			sourceTree = "<group>";
		};
		2C94F9272B333576006C43CF /* RoomModule */ = {
			isa = PBXGroup;
			children = (
				2C94F93B2B36AB69006C43CF /* Model */,
				2C94F93A2B36AB5A006C43CF /* View */,
				2C94F93C2B36AB78006C43CF /* ViewModel */,
			);
			path = RoomModule;
			sourceTree = "<group>";
		};
		2C94F9282B33359C006C43CF /* Modules */ = {
			isa = PBXGroup;
			children = (
				2C9634642B2CC9F80054A216 /* HotelModule */,
				2C94F9272B333576006C43CF /* RoomModule */,
				2C94F93D2B36BD29006C43CF /* BookingModule */,
				2C9C96152B38A378006F93E1 /* PaymentModule */,
			);
			path = Modules;
			sourceTree = "<group>";
		};
		2C94F9352B35FA3E006C43CF /* Views */ = {
			isa = PBXGroup;
			children = (
				2C94F9382B35FA88006C43CF /* RoomView.swift */,
			);
			path = Views;
			sourceTree = "<group>";
		};
		2C94F93A2B36AB5A006C43CF /* View */ = {
			isa = PBXGroup;
			children = (
				2C94F9352B35FA3E006C43CF /* Views */,
				2C94F92D2B333725006C43CF /* RoomsView.swift */,
			);
			path = View;
			sourceTree = "<group>";
		};
		2C94F93B2B36AB69006C43CF /* Model */ = {
			isa = PBXGroup;
			children = (
				2C94F9312B35E026006C43CF /* RoomsModel.swift */,
			);
			path = Model;
			sourceTree = "<group>";
		};
		2C94F93C2B36AB78006C43CF /* ViewModel */ = {
			isa = PBXGroup;
			children = (
				2C94F9332B35E054006C43CF /* RoomsViewModel.swift */,
			);
			path = ViewModel;
			sourceTree = "<group>";
		};
		2C94F93D2B36BD29006C43CF /* BookingModule */ = {
			isa = PBXGroup;
			children = (
				2C94F9442B36C258006C43CF /* Model */,
				2C94F9462B36C271006C43CF /* View */,
				2C94F9452B36C263006C43CF /* ViewModel */,
			);
			path = BookingModule;
			sourceTree = "<group>";
		};
		2C94F9442B36C258006C43CF /* Model */ = {
			isa = PBXGroup;
			children = (
				2C94F93E2B36BD66006C43CF /* BookingModel.swift */,
			);
			path = Model;
			sourceTree = "<group>";
		};
		2C94F9452B36C263006C43CF /* ViewModel */ = {
			isa = PBXGroup;
			children = (
				2C94F9402B36BF79006C43CF /* BookingViewModel.swift */,
			);
			path = ViewModel;
			sourceTree = "<group>";
		};
		2C94F9462B36C271006C43CF /* View */ = {
			isa = PBXGroup;
			children = (
				2C94F9472B36C28C006C43CF /* Views */,
				2C94F9422B36C146006C43CF /* BookingView.swift */,
			);
			path = View;
			sourceTree = "<group>";
		};
		2C94F9472B36C28C006C43CF /* Views */ = {
			isa = PBXGroup;
			children = (
				2C94F9492B36CB0C006C43CF /* DetailsView.swift */,
				2CD50CCA2B380DF5004DF59F /* TouristView.swift */,
				2C9C960B2B386275006F93E1 /* NextTouristView.swift */,
				2C9C960F2B3888DF006F93E1 /* PriceView.swift */,
			);
			path = Views;
			sourceTree = "<group>";
		};
		2C9634632B2CC97C0054A216 /* Resources */ = {
			isa = PBXGroup;
			children = (
				2C06ED742B2CC1D600C44223 /* Assets.xcassets */,
			);
			path = Resources;
			sourceTree = "<group>";
		};
		2C9634642B2CC9F80054A216 /* HotelModule */ = {
			isa = PBXGroup;
			children = (
				2C94F9232B31FDD0006C43CF /* Model */,
				2C94F9222B31FDC6006C43CF /* View */,
				2C94F9242B31FDDA006C43CF /* ViewModel */,
			);
			path = HotelModule;
			sourceTree = "<group>";
		};
		2C9634652B2CCB640054A216 /* Views */ = {
			isa = PBXGroup;
			children = (
				2C94F9172B2E09DB006C43CF /* DetailsSectionView.swift */,
			);
			path = Views;
			sourceTree = "<group>";
		};
		2C9634682B2CD4840054A216 /* App */ = {
			isa = PBXGroup;
			children = (
				2C06ED702B2CC1D500C44223 /* HotelAppApp.swift */,
			);
			path = App;
			sourceTree = "<group>";
		};
		2C9634692B2CD4E40054A216 /* SupportingFiles */ = {
			isa = PBXGroup;
			children = (
				2C96346A2B2CD4FF0054A216 /* Constants.swift */,
			);
			path = SupportingFiles;
			sourceTree = "<group>";
		};
		2C96346C2B2CD56F0054A216 /* Helpers */ = {
			isa = PBXGroup;
			children = (
				2C96346D2B2CD57B0054A216 /* Extension */,
			);
			path = Helpers;
			sourceTree = "<group>";
		};
		2C96346D2B2CD57B0054A216 /* Extension */ = {
			isa = PBXGroup;
			children = (
				2C96346E2B2CD59D0054A216 /* Color+Extension.swift */,
				2C94F9112B2DF57C006C43CF /* View+Extension.swift */,
				2CF6F3722B4AFCDC00482DF3 /* NavigationController + Extension.swift */,
			);
			path = Extension;
			sourceTree = "<group>";
		};
		2C9634722B2D79260054A216 /* Core */ = {
			isa = PBXGroup;
			children = (
				2C464D9D2B9F626F0005C537 /* ViewModifier */,
				2C9634732B2D79310054A216 /* CustomView */,
				2C96346C2B2CD56F0054A216 /* Helpers */,
				2C94F9212B31FD1D006C43CF /* NetworkService */,
			);
			path = Core;
			sourceTree = "<group>";
		};
		2C9634732B2D79310054A216 /* CustomView */ = {
			isa = PBXGroup;
			children = (
				2C9634662B2CCC350054A216 /* CustomPageView.swift */,
				2C94F9132B2E083B006C43CF /* TagsView.swift */,
				2C0B21F42B3DE82A0002868F /* RatingView.swift */,
			);
			path = CustomView;
			sourceTree = "<group>";
		};
		2C9C96152B38A378006F93E1 /* PaymentModule */ = {
			isa = PBXGroup;
			children = (
				2C9C96162B38A3AB006F93E1 /* PaymentView.swift */,
			);
			path = PaymentModule;
			sourceTree = "<group>";
		};
/* End PBXGroup section */

/* Begin PBXNativeTarget section */
		2C06ED6C2B2CC1D500C44223 /* HotelApp */ = {
			isa = PBXNativeTarget;
			buildConfigurationList = 2C06ED7B2B2CC1D600C44223 /* Build configuration list for PBXNativeTarget "HotelApp" */;
			buildPhases = (
				2C06ED692B2CC1D500C44223 /* Sources */,
				2C06ED6A2B2CC1D500C44223 /* Frameworks */,
				2C06ED6B2B2CC1D500C44223 /* Resources */,
			);
			buildRules = (
			);
			dependencies = (
			);
			name = HotelApp;
			productName = HotelApp;
			productReference = 2C06ED6D2B2CC1D500C44223 /* HotelApp.app */;
			productType = "com.apple.product-type.application";
		};
/* End PBXNativeTarget section */

/* Begin PBXProject section */
		2C06ED652B2CC1D500C44223 /* Project object */ = {
			isa = PBXProject;
			attributes = {
				BuildIndependentTargetsInParallel = 1;
				LastSwiftUpdateCheck = 1500;
				LastUpgradeCheck = 1500;
				TargetAttributes = {
					2C06ED6C2B2CC1D500C44223 = {
						CreatedOnToolsVersion = 15.0.1;
					};
				};
			};
			buildConfigurationList = 2C06ED682B2CC1D500C44223 /* Build configuration list for PBXProject "HotelApp" */;
			compatibilityVersion = "Xcode 14.0";
			developmentRegion = en;
			hasScannedForEncodings = 0;
			knownRegions = (
				en,
				Base,
			);
			mainGroup = 2C06ED642B2CC1D500C44223;
			productRefGroup = 2C06ED6E2B2CC1D500C44223 /* Products */;
			projectDirPath = "";
			projectRoot = "";
			targets = (
				2C06ED6C2B2CC1D500C44223 /* HotelApp */,
			);
		};
/* End PBXProject section */

/* Begin PBXResourcesBuildPhase section */
		2C06ED6B2B2CC1D500C44223 /* Resources */ = {
			isa = PBXResourcesBuildPhase;
			buildActionMask = 2147483647;
			files = (
				2C06ED782B2CC1D600C44223 /* Preview Assets.xcassets in Resources */,
				2C06ED752B2CC1D600C44223 /* Assets.xcassets in Resources */,
			);
			runOnlyForDeploymentPostprocessing = 0;
		};
/* End PBXResourcesBuildPhase section */

/* Begin PBXSourcesBuildPhase section */
		2C06ED692B2CC1D500C44223 /* Sources */ = {
			isa = PBXSourcesBuildPhase;
			buildActionMask = 2147483647;
			files = (
				2C0B21F52B3DE82A0002868F /* RatingView.swift in Sources */,
				2C06ED732B2CC1D500C44223 /* HotelView.swift in Sources */,
				2C94F91C2B2E0E79006C43CF /* HotelModel.swift in Sources */,
				2C94F9392B35FA88006C43CF /* RoomView.swift in Sources */,
				2C94F9322B35E026006C43CF /* RoomsModel.swift in Sources */,
				2C9C960C2B386275006F93E1 /* NextTouristView.swift in Sources */,
				2C94F9432B36C146006C43CF /* BookingView.swift in Sources */,
				2C94F9142B2E083B006C43CF /* TagsView.swift in Sources */,
				2C464D9F2B9F62D40005C537 /* PrimaryButtonsViewModifier.swift in Sources */,
				2C94F92E2B333725006C43CF /* RoomsView.swift in Sources */,
				2C94F94A2B36CB0C006C43CF /* DetailsView.swift in Sources */,
				2C94F9342B35E054006C43CF /* RoomsViewModel.swift in Sources */,
				2C94F9412B36BF79006C43CF /* BookingViewModel.swift in Sources */,
				2C96346F2B2CD59D0054A216 /* Color+Extension.swift in Sources */,
				2C06ED712B2CC1D500C44223 /* HotelAppApp.swift in Sources */,
				2C464D9A2B9E158E0005C537 /* ImageCache.swift in Sources */,
				2CF6F3732B4AFCDC00482DF3 /* NavigationController + Extension.swift in Sources */,
				2C9634672B2CCC350054A216 /* CustomPageView.swift in Sources */,
				2C96346B2B2CD4FF0054A216 /* Constants.swift in Sources */,
				2C94F9122B2DF57C006C43CF /* View+Extension.swift in Sources */,
				2CD50CCB2B380DF5004DF59F /* TouristView.swift in Sources */,
				2C9C96102B3888DF006F93E1 /* PriceView.swift in Sources */,
				2C94F9182B2E09DB006C43CF /* DetailsSectionView.swift in Sources */,
				2C94F91E2B2EC027006C43CF /* NetworkService.swift in Sources */,
				2C94F91A2B2E0D88006C43CF /* HotelViewModel.swift in Sources */,
				2C9C96172B38A3AB006F93E1 /* PaymentView.swift in Sources */,
				2C94F93F2B36BD66006C43CF /* BookingModel.swift in Sources */,
			);
			runOnlyForDeploymentPostprocessing = 0;
		};
/* End PBXSourcesBuildPhase section */

/* Begin XCBuildConfiguration section */
		2C06ED792B2CC1D600C44223 /* Debug */ = {
			isa = XCBuildConfiguration;
			buildSettings = {
				ALWAYS_SEARCH_USER_PATHS = NO;
				ASSETCATALOG_COMPILER_GENERATE_SWIFT_ASSET_SYMBOL_EXTENSIONS = YES;
				CLANG_ANALYZER_NONNULL = YES;
				CLANG_ANALYZER_NUMBER_OBJECT_CONVERSION = YES_AGGRESSIVE;
				CLANG_CXX_LANGUAGE_STANDARD = "gnu++20";
				CLANG_ENABLE_MODULES = YES;
				CLANG_ENABLE_OBJC_ARC = YES;
				CLANG_ENABLE_OBJC_WEAK = YES;
				CLANG_WARN_BLOCK_CAPTURE_AUTORELEASING = YES;
				CLANG_WARN_BOOL_CONVERSION = YES;
				CLANG_WARN_COMMA = YES;
				CLANG_WARN_CONSTANT_CONVERSION = YES;
				CLANG_WARN_DEPRECATED_OBJC_IMPLEMENTATIONS = YES;
				CLANG_WARN_DIRECT_OBJC_ISA_USAGE = YES_ERROR;
				CLANG_WARN_DOCUMENTATION_COMMENTS = YES;
				CLANG_WARN_EMPTY_BODY = YES;
				CLANG_WARN_ENUM_CONVERSION = YES;
				CLANG_WARN_INFINITE_RECURSION = YES;
				CLANG_WARN_INT_CONVERSION = YES;
				CLANG_WARN_NON_LITERAL_NULL_CONVERSION = YES;
				CLANG_WARN_OBJC_IMPLICIT_RETAIN_SELF = YES;
				CLANG_WARN_OBJC_LITERAL_CONVERSION = YES;
				CLANG_WARN_OBJC_ROOT_CLASS = YES_ERROR;
				CLANG_WARN_QUOTED_INCLUDE_IN_FRAMEWORK_HEADER = YES;
				CLANG_WARN_RANGE_LOOP_ANALYSIS = YES;
				CLANG_WARN_STRICT_PROTOTYPES = YES;
				CLANG_WARN_SUSPICIOUS_MOVE = YES;
				CLANG_WARN_UNGUARDED_AVAILABILITY = YES_AGGRESSIVE;
				CLANG_WARN_UNREACHABLE_CODE = YES;
				CLANG_WARN__DUPLICATE_METHOD_MATCH = YES;
				COPY_PHASE_STRIP = NO;
				DEBUG_INFORMATION_FORMAT = dwarf;
				ENABLE_STRICT_OBJC_MSGSEND = YES;
				ENABLE_TESTABILITY = YES;
				ENABLE_USER_SCRIPT_SANDBOXING = YES;
				GCC_C_LANGUAGE_STANDARD = gnu17;
				GCC_DYNAMIC_NO_PIC = NO;
				GCC_NO_COMMON_BLOCKS = YES;
				GCC_OPTIMIZATION_LEVEL = 0;
				GCC_PREPROCESSOR_DEFINITIONS = (
					"DEBUG=1",
					"$(inherited)",
				);
				GCC_WARN_64_TO_32_BIT_CONVERSION = YES;
				GCC_WARN_ABOUT_RETURN_TYPE = YES_ERROR;
				GCC_WARN_UNDECLARED_SELECTOR = YES;
				GCC_WARN_UNINITIALIZED_AUTOS = YES_AGGRESSIVE;
				GCC_WARN_UNUSED_FUNCTION = YES;
				GCC_WARN_UNUSED_VARIABLE = YES;
				IPHONEOS_DEPLOYMENT_TARGET = 17.0;
				LOCALIZATION_PREFERS_STRING_CATALOGS = YES;
				MTL_ENABLE_DEBUG_INFO = INCLUDE_SOURCE;
				MTL_FAST_MATH = YES;
				ONLY_ACTIVE_ARCH = YES;
				SDKROOT = iphoneos;
				SWIFT_ACTIVE_COMPILATION_CONDITIONS = "DEBUG $(inherited)";
				SWIFT_OPTIMIZATION_LEVEL = "-Onone";
			};
			name = Debug;
		};
		2C06ED7A2B2CC1D600C44223 /* Release */ = {
			isa = XCBuildConfiguration;
			buildSettings = {
				ALWAYS_SEARCH_USER_PATHS = NO;
				ASSETCATALOG_COMPILER_GENERATE_SWIFT_ASSET_SYMBOL_EXTENSIONS = YES;
				CLANG_ANALYZER_NONNULL = YES;
				CLANG_ANALYZER_NUMBER_OBJECT_CONVERSION = YES_AGGRESSIVE;
				CLANG_CXX_LANGUAGE_STANDARD = "gnu++20";
				CLANG_ENABLE_MODULES = YES;
				CLANG_ENABLE_OBJC_ARC = YES;
				CLANG_ENABLE_OBJC_WEAK = YES;
				CLANG_WARN_BLOCK_CAPTURE_AUTORELEASING = YES;
				CLANG_WARN_BOOL_CONVERSION = YES;
				CLANG_WARN_COMMA = YES;
				CLANG_WARN_CONSTANT_CONVERSION = YES;
				CLANG_WARN_DEPRECATED_OBJC_IMPLEMENTATIONS = YES;
				CLANG_WARN_DIRECT_OBJC_ISA_USAGE = YES_ERROR;
				CLANG_WARN_DOCUMENTATION_COMMENTS = YES;
				CLANG_WARN_EMPTY_BODY = YES;
				CLANG_WARN_ENUM_CONVERSION = YES;
				CLANG_WARN_INFINITE_RECURSION = YES;
				CLANG_WARN_INT_CONVERSION = YES;
				CLANG_WARN_NON_LITERAL_NULL_CONVERSION = YES;
				CLANG_WARN_OBJC_IMPLICIT_RETAIN_SELF = YES;
				CLANG_WARN_OBJC_LITERAL_CONVERSION = YES;
				CLANG_WARN_OBJC_ROOT_CLASS = YES_ERROR;
				CLANG_WARN_QUOTED_INCLUDE_IN_FRAMEWORK_HEADER = YES;
				CLANG_WARN_RANGE_LOOP_ANALYSIS = YES;
				CLANG_WARN_STRICT_PROTOTYPES = YES;
				CLANG_WARN_SUSPICIOUS_MOVE = YES;
				CLANG_WARN_UNGUARDED_AVAILABILITY = YES_AGGRESSIVE;
				CLANG_WARN_UNREACHABLE_CODE = YES;
				CLANG_WARN__DUPLICATE_METHOD_MATCH = YES;
				COPY_PHASE_STRIP = NO;
				DEBUG_INFORMATION_FORMAT = "dwarf-with-dsym";
				ENABLE_NS_ASSERTIONS = NO;
				ENABLE_STRICT_OBJC_MSGSEND = YES;
				ENABLE_USER_SCRIPT_SANDBOXING = YES;
				GCC_C_LANGUAGE_STANDARD = gnu17;
				GCC_NO_COMMON_BLOCKS = YES;
				GCC_WARN_64_TO_32_BIT_CONVERSION = YES;
				GCC_WARN_ABOUT_RETURN_TYPE = YES_ERROR;
				GCC_WARN_UNDECLARED_SELECTOR = YES;
				GCC_WARN_UNINITIALIZED_AUTOS = YES_AGGRESSIVE;
				GCC_WARN_UNUSED_FUNCTION = YES;
				GCC_WARN_UNUSED_VARIABLE = YES;
				IPHONEOS_DEPLOYMENT_TARGET = 17.0;
				LOCALIZATION_PREFERS_STRING_CATALOGS = YES;
				MTL_ENABLE_DEBUG_INFO = NO;
				MTL_FAST_MATH = YES;
				SDKROOT = iphoneos;
				SWIFT_COMPILATION_MODE = wholemodule;
				VALIDATE_PRODUCT = YES;
			};
			name = Release;
		};
		2C06ED7C2B2CC1D600C44223 /* Debug */ = {
			isa = XCBuildConfiguration;
			buildSettings = {
				ASSETCATALOG_COMPILER_APPICON_NAME = AppIcon;
				ASSETCATALOG_COMPILER_GLOBAL_ACCENT_COLOR_NAME = AccentColor;
				CODE_SIGN_STYLE = Automatic;
				CURRENT_PROJECT_VERSION = 1;
				DEVELOPMENT_ASSET_PATHS = "\"HotelApp/Preview Content\"";
				DEVELOPMENT_TEAM = CV78LQALG6;
				ENABLE_PREVIEWS = YES;
				GENERATE_INFOPLIST_FILE = YES;
				INFOPLIST_KEY_UIApplicationSceneManifest_Generation = YES;
				INFOPLIST_KEY_UIApplicationSupportsIndirectInputEvents = YES;
				INFOPLIST_KEY_UILaunchScreen_Generation = YES;
				INFOPLIST_KEY_UISupportedInterfaceOrientations = UIInterfaceOrientationPortrait;
				INFOPLIST_KEY_UISupportedInterfaceOrientations_iPad = "UIInterfaceOrientationLandscapeLeft UIInterfaceOrientationLandscapeRight UIInterfaceOrientationPortrait UIInterfaceOrientationPortraitUpsideDown";
				IPHONEOS_DEPLOYMENT_TARGET = 15.0;
				LD_RUNPATH_SEARCH_PATHS = (
					"$(inherited)",
					"@executable_path/Frameworks",
				);
				MARKETING_VERSION = 1.0;
				PRODUCT_BUNDLE_IDENTIFIER = com.SkokDmitriy.HotelApp;
				PRODUCT_NAME = "$(TARGET_NAME)";
				SUPPORTED_PLATFORMS = "iphoneos iphonesimulator";
				SUPPORTS_MACCATALYST = NO;
				SUPPORTS_MAC_DESIGNED_FOR_IPHONE_IPAD = NO;
				SWIFT_EMIT_LOC_STRINGS = YES;
				SWIFT_VERSION = 5.0;
				TARGETED_DEVICE_FAMILY = 1;
			};
			name = Debug;
		};
		2C06ED7D2B2CC1D600C44223 /* Release */ = {
			isa = XCBuildConfiguration;
			buildSettings = {
				ASSETCATALOG_COMPILER_APPICON_NAME = AppIcon;
				ASSETCATALOG_COMPILER_GLOBAL_ACCENT_COLOR_NAME = AccentColor;
				CODE_SIGN_STYLE = Automatic;
				CURRENT_PROJECT_VERSION = 1;
				DEVELOPMENT_ASSET_PATHS = "\"HotelApp/Preview Content\"";
				DEVELOPMENT_TEAM = CV78LQALG6;
				ENABLE_PREVIEWS = YES;
				GENERATE_INFOPLIST_FILE = YES;
				INFOPLIST_KEY_UIApplicationSceneManifest_Generation = YES;
				INFOPLIST_KEY_UIApplicationSupportsIndirectInputEvents = YES;
				INFOPLIST_KEY_UILaunchScreen_Generation = YES;
				INFOPLIST_KEY_UISupportedInterfaceOrientations = UIInterfaceOrientationPortrait;
				INFOPLIST_KEY_UISupportedInterfaceOrientations_iPad = "UIInterfaceOrientationLandscapeLeft UIInterfaceOrientationLandscapeRight UIInterfaceOrientationPortrait UIInterfaceOrientationPortraitUpsideDown";
				IPHONEOS_DEPLOYMENT_TARGET = 15.0;
				LD_RUNPATH_SEARCH_PATHS = (
					"$(inherited)",
					"@executable_path/Frameworks",
				);
				MARKETING_VERSION = 1.0;
				PRODUCT_BUNDLE_IDENTIFIER = com.SkokDmitriy.HotelApp;
				PRODUCT_NAME = "$(TARGET_NAME)";
				SUPPORTED_PLATFORMS = "iphoneos iphonesimulator";
				SUPPORTS_MACCATALYST = NO;
				SUPPORTS_MAC_DESIGNED_FOR_IPHONE_IPAD = NO;
				SWIFT_EMIT_LOC_STRINGS = YES;
				SWIFT_VERSION = 5.0;
				TARGETED_DEVICE_FAMILY = 1;
			};
			name = Release;
		};
/* End XCBuildConfiguration section */

/* Begin XCConfigurationList section */
		2C06ED682B2CC1D500C44223 /* Build configuration list for PBXProject "HotelApp" */ = {
			isa = XCConfigurationList;
			buildConfigurations = (
				2C06ED792B2CC1D600C44223 /* Debug */,
				2C06ED7A2B2CC1D600C44223 /* Release */,
			);
			defaultConfigurationIsVisible = 0;
			defaultConfigurationName = Release;
		};
		2C06ED7B2B2CC1D600C44223 /* Build configuration list for PBXNativeTarget "HotelApp" */ = {
			isa = XCConfigurationList;
			buildConfigurations = (
				2C06ED7C2B2CC1D600C44223 /* Debug */,
				2C06ED7D2B2CC1D600C44223 /* Release */,
			);
			defaultConfigurationIsVisible = 0;
			defaultConfigurationName = Release;
		};
/* End XCConfigurationList section */
	};
	rootObject = 2C06ED652B2CC1D500C44223 /* Project object */;
}
